
Microsoft Visual Studio Solution File, Format Version 12.00
# Visual Studio Version 17
VisualStudioVersion = 17.11.35208.52
MinimumVisualStudioVersion = 10.0.40219.1
Project("{9A19103F-16F7-4668-BE54-9A1E7A4F7556}") = "Elysium", "Elysium\Elysium.csproj", "{508D15A3-603D-42E5-8A72-DCD153DC60D5}"
EndProject
Project("{9A19103F-16F7-4668-BE54-9A1E7A4F7556}") = "Elysium.GrainInterfaces", "Elysium.GrainInterfaces\Elysium.GrainInterfaces.csproj", "{9E172F09-6C07-483C-936A-BDC73ECA5810}"
EndProject
Project("{9A19103F-16F7-4668-BE54-9A1E7A4F7556}") = "Elysium.Authentication", "Elysium.Authentication\Elysium.Authentication.csproj", "{42C062A3-FF61-4DDB-A0C1-1F83599BA7FB}"
EndProject
Project("{9A19103F-16F7-4668-BE54-9A1E7A4F7556}") = "Elysium.Persistence", "Elysium.Persistence\Elysium.Persistence.csproj", "{1F016566-A8F1-4517-83A7-B95AADDB279E}"
EndProject
Project("{9A19103F-16F7-4668-BE54-9A1E7A4F7556}") = "Elysium.Core", "Elysium.Core\Elysium.Core.csproj", "{FEBEDE7B-0A81-4177-868F-B459D796703F}"
EndProject
Project("{9A19103F-16F7-4668-BE54-9A1E7A4F7556}") = "Elysium.Components", "Elysium.Components\Elysium.Components.csproj", "{640F39C5-014F-4FF9-89FE-4CEF59729D8B}"
EndProject
Project("{9A19103F-16F7-4668-BE54-9A1E7A4F7556}") = "Elysium.Grains", "Elysium.Grains\Elysium.Grains.csproj", "{BC8300F2-312F-46AA-A1D8-2B42367530CF}"
EndProject
Project("{9A19103F-16F7-4668-BE54-9A1E7A4F7556}") = "Elysium.Client", "Elysium.Client\Elysium.Client.csproj", "{B80F08DA-BB63-43AE-B01C-5AF1E25402DC}"
EndProject
Project("{9A19103F-16F7-4668-BE54-9A1E7A4F7556}") = "Elysium.WebFinger", "Elysium.WebFinger\Elysium.WebFinger.csproj", "{54D7FA5E-0CF0-48C1-A64E-4DAD307345F5}"
EndProject
Project("{9A19103F-16F7-4668-BE54-9A1E7A4F7556}") = "Elysium.ActivityPub", "Elysium.ActivityPub\Elysium.ActivityPub.csproj", "{ADEE8ED4-152C-442E-8FE2-2E6321D50F26}"
EndProject
Project("{9A19103F-16F7-4668-BE54-9A1E7A4F7556}") = "Elysium.Hosting", "Elysium.Hosting\Elysium.Hosting.csproj", "{1E4E1A6B-6EDE-413A-92AA-70899F647C06}"
EndProject
Project("{2150E333-8FDC-42A3-9474-1A3956D46DE8}") = "tests", "tests", "{D532085B-62CD-472A-92BE-A3EE083D48FB}"
EndProject
Project("{9A19103F-16F7-4668-BE54-9A1E7A4F7556}") = "Elysium.Silo.Api", "Elysium.Silo.Api\Elysium.Silo.Api.csproj", "{D801420F-CCA9-4736-ACAD-060EC3A1F4E4}"
EndProject
Project("{FAE04EC0-301F-11D3-BF4B-00C04F79EFBC}") = "Elysium.ActivityPub.Api", "Elysium.ActivityPub.Api\Elysium.ActivityPub.Api.csproj", "{53909D93-81A3-4276-B53F-89C801850046}"
EndProject
Project("{FAE04EC0-301F-11D3-BF4B-00C04F79EFBC}") = "Elysium.Cryptography", "Elysium.Cryptography\Elysium.Cryptography.csproj", "{A64CCB3B-639E-41CD-AAA6-9CADDD9FA2D0}"
EndProject
Global
	GlobalSection(SolutionConfigurationPlatforms) = preSolution
		Debug|Any CPU = Debug|Any CPU
		Release|Any CPU = Release|Any CPU
	EndGlobalSection
	GlobalSection(ProjectConfigurationPlatforms) = postSolution
		{508D15A3-603D-42E5-8A72-DCD153DC60D5}.Debug|Any CPU.ActiveCfg = Debug|Any CPU
		{508D15A3-603D-42E5-8A72-DCD153DC60D5}.Debug|Any CPU.Build.0 = Debug|Any CPU
		{508D15A3-603D-42E5-8A72-DCD153DC60D5}.Release|Any CPU.ActiveCfg = Release|Any CPU
		{508D15A3-603D-42E5-8A72-DCD153DC60D5}.Release|Any CPU.Build.0 = Release|Any CPU
		{9E172F09-6C07-483C-936A-BDC73ECA5810}.Debug|Any CPU.ActiveCfg = Debug|Any CPU
		{9E172F09-6C07-483C-936A-BDC73ECA5810}.Debug|Any CPU.Build.0 = Debug|Any CPU
		{9E172F09-6C07-483C-936A-BDC73ECA5810}.Release|Any CPU.ActiveCfg = Release|Any CPU
		{9E172F09-6C07-483C-936A-BDC73ECA5810}.Release|Any CPU.Build.0 = Release|Any CPU
		{42C062A3-FF61-4DDB-A0C1-1F83599BA7FB}.Debug|Any CPU.ActiveCfg = Debug|Any CPU
		{42C062A3-FF61-4DDB-A0C1-1F83599BA7FB}.Debug|Any CPU.Build.0 = Debug|Any CPU
		{42C062A3-FF61-4DDB-A0C1-1F83599BA7FB}.Release|Any CPU.ActiveCfg = Release|Any CPU
		{42C062A3-FF61-4DDB-A0C1-1F83599BA7FB}.Release|Any CPU.Build.0 = Release|Any CPU
		{1F016566-A8F1-4517-83A7-B95AADDB279E}.Debug|Any CPU.ActiveCfg = Debug|Any CPU
		{1F016566-A8F1-4517-83A7-B95AADDB279E}.Debug|Any CPU.Build.0 = Debug|Any CPU
		{1F016566-A8F1-4517-83A7-B95AADDB279E}.Release|Any CPU.ActiveCfg = Release|Any CPU
		{1F016566-A8F1-4517-83A7-B95AADDB279E}.Release|Any CPU.Build.0 = Release|Any CPU
		{FEBEDE7B-0A81-4177-868F-B459D796703F}.Debug|Any CPU.ActiveCfg = Debug|Any CPU
		{FEBEDE7B-0A81-4177-868F-B459D796703F}.Debug|Any CPU.Build.0 = Debug|Any CPU
		{FEBEDE7B-0A81-4177-868F-B459D796703F}.Release|Any CPU.ActiveCfg = Release|Any CPU
		{FEBEDE7B-0A81-4177-868F-B459D796703F}.Release|Any CPU.Build.0 = Release|Any CPU
		{640F39C5-014F-4FF9-89FE-4CEF59729D8B}.Debug|Any CPU.ActiveCfg = Debug|Any CPU
		{640F39C5-014F-4FF9-89FE-4CEF59729D8B}.Debug|Any CPU.Build.0 = Debug|Any CPU
		{640F39C5-014F-4FF9-89FE-4CEF59729D8B}.Release|Any CPU.ActiveCfg = Release|Any CPU
		{640F39C5-014F-4FF9-89FE-4CEF59729D8B}.Release|Any CPU.Build.0 = Release|Any CPU
		{BC8300F2-312F-46AA-A1D8-2B42367530CF}.Debug|Any CPU.ActiveCfg = Debug|Any CPU
		{BC8300F2-312F-46AA-A1D8-2B42367530CF}.Debug|Any CPU.Build.0 = Debug|Any CPU
		{BC8300F2-312F-46AA-A1D8-2B42367530CF}.Release|Any CPU.ActiveCfg = Release|Any CPU
		{BC8300F2-312F-46AA-A1D8-2B42367530CF}.Release|Any CPU.Build.0 = Release|Any CPU
		{B80F08DA-BB63-43AE-B01C-5AF1E25402DC}.Debug|Any CPU.ActiveCfg = Debug|Any CPU
		{B80F08DA-BB63-43AE-B01C-5AF1E25402DC}.Debug|Any CPU.Build.0 = Debug|Any CPU
		{B80F08DA-BB63-43AE-B01C-5AF1E25402DC}.Release|Any CPU.ActiveCfg = Release|Any CPU
		{B80F08DA-BB63-43AE-B01C-5AF1E25402DC}.Release|Any CPU.Build.0 = Release|Any CPU
		{54D7FA5E-0CF0-48C1-A64E-4DAD307345F5}.Debug|Any CPU.ActiveCfg = Debug|Any CPU
		{54D7FA5E-0CF0-48C1-A64E-4DAD307345F5}.Debug|Any CPU.Build.0 = Debug|Any CPU
		{54D7FA5E-0CF0-48C1-A64E-4DAD307345F5}.Release|Any CPU.ActiveCfg = Release|Any CPU
		{54D7FA5E-0CF0-48C1-A64E-4DAD307345F5}.Release|Any CPU.Build.0 = Release|Any CPU
		{ADEE8ED4-152C-442E-8FE2-2E6321D50F26}.Debug|Any CPU.ActiveCfg = Debug|Any CPU
		{ADEE8ED4-152C-442E-8FE2-2E6321D50F26}.Debug|Any CPU.Build.0 = Debug|Any CPU
		{ADEE8ED4-152C-442E-8FE2-2E6321D50F26}.Release|Any CPU.ActiveCfg = Release|Any CPU
		{ADEE8ED4-152C-442E-8FE2-2E6321D50F26}.Release|Any CPU.Build.0 = Release|Any CPU
		{1E4E1A6B-6EDE-413A-92AA-70899F647C06}.Debug|Any CPU.ActiveCfg = Debug|Any CPU
		{1E4E1A6B-6EDE-413A-92AA-70899F647C06}.Debug|Any CPU.Build.0 = Debug|Any CPU
		{1E4E1A6B-6EDE-413A-92AA-70899F647C06}.Release|Any CPU.ActiveCfg = Release|Any CPU
		{1E4E1A6B-6EDE-413A-92AA-70899F647C06}.Release|Any CPU.Build.0 = Release|Any CPU
		{D801420F-CCA9-4736-ACAD-060EC3A1F4E4}.Debug|Any CPU.ActiveCfg = Debug|Any CPU
		{D801420F-CCA9-4736-ACAD-060EC3A1F4E4}.Debug|Any CPU.Build.0 = Debug|Any CPU
		{D801420F-CCA9-4736-ACAD-060EC3A1F4E4}.Release|Any CPU.ActiveCfg = Release|Any CPU
		{D801420F-CCA9-4736-ACAD-060EC3A1F4E4}.Release|Any CPU.Build.0 = Release|Any CPU
		{53909D93-81A3-4276-B53F-89C801850046}.Debug|Any CPU.ActiveCfg = Debug|Any CPU
		{53909D93-81A3-4276-B53F-89C801850046}.Debug|Any CPU.Build.0 = Debug|Any CPU
		{53909D93-81A3-4276-B53F-89C801850046}.Release|Any CPU.ActiveCfg = Release|Any CPU
		{53909D93-81A3-4276-B53F-89C801850046}.Release|Any CPU.Build.0 = Release|Any CPU
		{A64CCB3B-639E-41CD-AAA6-9CADDD9FA2D0}.Debug|Any CPU.ActiveCfg = Debug|Any CPU
		{A64CCB3B-639E-41CD-AAA6-9CADDD9FA2D0}.Debug|Any CPU.Build.0 = Debug|Any CPU
		{A64CCB3B-639E-41CD-AAA6-9CADDD9FA2D0}.Release|Any CPU.ActiveCfg = Release|Any CPU
		{A64CCB3B-639E-41CD-AAA6-9CADDD9FA2D0}.Release|Any CPU.Build.0 = Release|Any CPU
	EndGlobalSection
	GlobalSection(SolutionProperties) = preSolution
		HideSolutionNode = FALSE
	EndGlobalSection
	GlobalSection(ExtensibilityGlobals) = postSolution
		SolutionGuid = {D4BBC2A1-6F35-448E-A7C2-E478F4C6F65E}
	EndGlobalSection
EndGlobal
