
Microsoft Visual Studio Solution File, Format Version 12.00
# Visual Studio Version 17
VisualStudioVersion = 17.11.35208.52
MinimumVisualStudioVersion = 10.0.40219.1
Project("{9A19103F-16F7-4668-BE54-9A1E7A4F7556}") = "Elysium", "Elysium\Elysium.csproj", "{508D15A3-603D-42E5-8A72-DCD153DC60D5}"
EndProject
Project("{FAE04EC0-301F-11D3-BF4B-00C04F79EFBC}") = "Elysium.GrainInterfaces", "Elysium.GrainInterfaces\Elysium.GrainInterfaces.csproj", "{9E172F09-6C07-483C-936A-BDC73ECA5810}"
EndProject
Global
	GlobalSection(SolutionConfigurationPlatforms) = preSolution
		Debug|Any CPU = Debug|Any CPU
		Release|Any CPU = Release|Any CPU
	EndGlobalSection
	GlobalSection(ProjectConfigurationPlatforms) = postSolution
		{508D15A3-603D-42E5-8A72-DCD153DC60D5}.Debug|Any CPU.ActiveCfg = Debug|Any CPU
		{508D15A3-603D-42E5-8A72-DCD153DC60D5}.Debug|Any CPU.Build.0 = Debug|Any CPU
		{508D15A3-603D-42E5-8A72-DCD153DC60D5}.Release|Any CPU.ActiveCfg = Release|Any CPU
		{508D15A3-603D-42E5-8A72-DCD153DC60D5}.Release|Any CPU.Build.0 = Release|Any CPU
		{9E172F09-6C07-483C-936A-BDC73ECA5810}.Debug|Any CPU.ActiveCfg = Debug|Any CPU
		{9E172F09-6C07-483C-936A-BDC73ECA5810}.Debug|Any CPU.Build.0 = Debug|Any CPU
		{9E172F09-6C07-483C-936A-BDC73ECA5810}.Release|Any CPU.ActiveCfg = Release|Any CPU
		{9E172F09-6C07-483C-936A-BDC73ECA5810}.Release|Any CPU.Build.0 = Release|Any CPU
	EndGlobalSection
	GlobalSection(SolutionProperties) = preSolution
		HideSolutionNode = FALSE
	EndGlobalSection
	GlobalSection(ExtensibilityGlobals) = postSolution
		SolutionGuid = {D4BBC2A1-6F35-448E-A7C2-E478F4C6F65E}
	EndGlobalSection
EndGlobal
